{
  "nodes": {
    "hdzero-goggle-buildroot": {
      "flake": false,
      "locked": {
        "lastModified": 1681961625,
        "narHash": "sha256-7RiSxYigCPGimJb4Eb/EbldkeU+wNyNsn+favW3FXF0=",
        "ref": "refs/heads/master",
        "rev": "f85f98fb073919abc66abcb8792d53583a880f8c",
        "shallow": true,
        "submodules": true,
        "type": "git",
        "url": "https://github.com/bkleiner/hdzero-goggle-buildroot"
      },
      "original": {
        "shallow": true,
        "submodules": true,
        "type": "git",
        "url": "https://github.com/bkleiner/hdzero-goggle-buildroot"
      }
    },
    "hdzero-goggle-linux-src": {
      "flake": false,
      "locked": {
        "lastModified": 1744375860,
        "narHash": "sha256-sYYZTl6rjDeGtI2HiT2jSAULNcwECrSa4lz49RsreyU=",
        "ref": "hdzero",
        "rev": "2058eb761002655558d4e9f6a9e4d2aabcabb8c0",
        "revCount": 644471,
        "shallow": false,
        "type": "git",
        "url": "https://github.com/DavHau/hdzero-goggle-linux"
      },
      "original": {
        "ref": "hdzero",
        "shallow": false,
        "type": "git",
        "url": "https://github.com/DavHau/hdzero-goggle-linux"
      }
    },
    "lvgl-src": {
      "flake": false,
      "locked": {
        "lastModified": 1675753965,
        "narHash": "sha256-NYsGGcoAE6IgC/9P+aNyAsYbtlwW7JnHZ2gIORdRPyE=",
        "ref": "refs/tags/v8.3.5",
        "rev": "dea7db83e479f7dc903557e9788e1bd8b26cc22c",
        "revCount": 8165,
        "shallow": false,
        "type": "git",
        "url": "https://github.com/lvgl/lvgl"
      },
      "original": {
        "ref": "refs/tags/v8.3.5",
        "shallow": false,
        "type": "git",
        "url": "https://github.com/lvgl/lvgl"
      }
    },
    "minIni-src": {
      "flake": false,
      "locked": {
        "lastModified": 1714131782,
        "narHash": "sha256-3ye3nKY6wkx1KE0flaJG3I/iMqx0mYfL5D8fKCAb2Cg=",
        "ref": "refs/heads/master",
        "rev": "1bb6557030964c921da374e6541e6acb965588e2",
        "revCount": 24,
        "shallow": false,
        "type": "git",
        "url": "https://github.com/compuphase/minIni"
      },
      "original": {
        "shallow": false,
        "type": "git",
        "url": "https://github.com/compuphase/minIni"
      }
    },
    "nix-filter": {
      "locked": {
        "lastModified": 1731533336,
        "narHash": "sha256-oRam5PS1vcrr5UPgALW0eo1m/5/pls27Z/pabHNy2Ms=",
        "owner": "numtide",
        "repo": "nix-filter",
        "rev": "f7653272fd234696ae94229839a99b73c9ab7de0",
        "type": "github"
      },
      "original": {
        "owner": "numtide",
        "repo": "nix-filter",
        "type": "github"
      }
    },
    "nixpkgs": {
      "locked": {
        "lastModified": 1743870327,
        "narHash": "sha256-S4A0kmaVNXadL5AkyEJKyrw+MImC7GZtg91fIA8H/o8=",
        "ref": "dave",
        "rev": "2e7e181351a2dc9ba6e51baf4d00cd4cfb548321",
        "shallow": true,
        "type": "git",
        "url": "https://github.com/DavHau/nixpkgs"
      },
      "original": {
        "ref": "dave",
        "shallow": true,
        "type": "git",
        "url": "https://github.com/DavHau/nixpkgs"
      }
    },
    "nixpkgs_22_05": {
      "locked": {
        "lastModified": 1685573264,
        "narHash": "sha256-Zffu01pONhs/pqH07cjlF10NnMDLok8ix5Uk4rhOnZQ=",
        "owner": "nixos",
        "repo": "nixpkgs",
        "rev": "380be19fbd2d9079f677978361792cb25e8a3635",
        "type": "github"
      },
      "original": {
        "owner": "nixos",
        "ref": "nixos-22.05",
        "repo": "nixpkgs",
        "type": "github"
      }
    },
    "root": {
      "inputs": {
        "hdzero-goggle-buildroot": "hdzero-goggle-buildroot",
        "hdzero-goggle-linux-src": "hdzero-goggle-linux-src",
        "lvgl-src": "lvgl-src",
        "minIni-src": "minIni-src",
        "nix-filter": "nix-filter",
        "nixpkgs": "nixpkgs",
        "nixpkgs_22_05": "nixpkgs_22_05",
        "tinyvision-src": "tinyvision-src"
      }
    },
    "tinyvision-src": {
      "flake": false,
      "locked": {
        "lastModified": 1742486109,
        "narHash": "sha256-sq4oZM5drU7QEgP+yYQE4wCCWp5Y4iyCEZA2mjysx9E=",
        "ref": "refs/heads/main",
        "rev": "ba3bae2cc6af787854635e7bb68399aee99cfd53",
        "revCount": 192,
        "shallow": false,
        "type": "git",
        "url": "https://github.com/YuzukiHD/TinyVision"
      },
      "original": {
        "shallow": false,
        "type": "git",
        "url": "https://github.com/YuzukiHD/TinyVision"
      }
    }
  },
  "root": "root",
  "version": 7
}
