{
  "nodes": {
    "hdzero-goggle-buildroot": {
      "flake": false,
      "locked": {
        "lastModified": 1681961625,
        "narHash": "sha256-7RiSxYigCPGimJb4Eb/EbldkeU+wNyNsn+favW3FXF0=",
        "ref": "refs/heads/master",
        "rev": "f85f98fb073919abc66abcb8792d53583a880f8c",
        "shallow": true,
        "submodules": true,
        "type": "git",
        "url": "https://github.com/bkleiner/hdzero-goggle-buildroot"
      },
      "original": {
        "shallow": true,
        "submodules": true,
        "type": "git",
        "url": "https://github.com/bkleiner/hdzero-goggle-buildroot"
      }
    },
    "hdzero-goggle-linux-src": {
      "flake": false,
      "locked": {
        "lastModified": 1742964096,
        "narHash": "sha256-LvHi1BqYC/e8+2s+NYFHR4B2mWL0OoHOz9d5ME/8JRY=",
        "ref": "hdzero",
        "rev": "4655a0816b6e7620c3b98b9daf1cc3addde72a87",
        "revCount": 644468,
        "shallow": false,
        "type": "git",
        "url": "https://github.com/DavHau/hdzero-goggle-linux"
      },
      "original": {
        "ref": "hdzero",
        "shallow": false,
        "type": "git",
        "url": "https://github.com/DavHau/hdzero-goggle-linux"
      }
    },
    "nix-filter": {
      "locked": {
        "lastModified": 1731533336,
        "narHash": "sha256-oRam5PS1vcrr5UPgALW0eo1m/5/pls27Z/pabHNy2Ms=",
        "owner": "numtide",
        "repo": "nix-filter",
        "rev": "f7653272fd234696ae94229839a99b73c9ab7de0",
        "type": "github"
      },
      "original": {
        "owner": "numtide",
        "repo": "nix-filter",
        "type": "github"
      }
    },
    "nixpkgs": {
      "locked": {
        "lastModified": 1742669843,
        "narHash": "sha256-G5n+FOXLXcRx+3hCJ6Rt6ZQyF1zqQ0DL0sWAMn2Nk0w=",
        "owner": "nixos",
        "repo": "nixpkgs",
        "rev": "1e5b653dff12029333a6546c11e108ede13052eb",
        "type": "github"
      },
      "original": {
        "owner": "nixos",
        "ref": "nixos-unstable",
        "repo": "nixpkgs",
        "type": "github"
      }
    },
    "nixpkgs_22_05": {
      "locked": {
        "lastModified": 1685573264,
        "narHash": "sha256-Zffu01pONhs/pqH07cjlF10NnMDLok8ix5Uk4rhOnZQ=",
        "owner": "nixos",
        "repo": "nixpkgs",
        "rev": "380be19fbd2d9079f677978361792cb25e8a3635",
        "type": "github"
      },
      "original": {
        "owner": "nixos",
        "ref": "nixos-22.05",
        "repo": "nixpkgs",
        "type": "github"
      }
    },
    "root": {
      "inputs": {
        "hdzero-goggle-buildroot": "hdzero-goggle-buildroot",
        "hdzero-goggle-linux-src": "hdzero-goggle-linux-src",
        "nix-filter": "nix-filter",
        "nixpkgs": "nixpkgs",
        "nixpkgs_22_05": "nixpkgs_22_05"
      }
    }
  },
  "root": "root",
  "version": 7
}
