{
  "nodes": {
    "hdzero-goggle-buildroot": {
      "flake": false,
      "locked": {
        "lastModified": 1681961625,
        "narHash": "sha256-7RiSxYigCPGimJb4Eb/EbldkeU+wNyNsn+favW3FXF0=",
        "ref": "refs/heads/master",
        "rev": "f85f98fb073919abc66abcb8792d53583a880f8c",
        "shallow": true,
        "submodules": true,
        "type": "git",
        "url": "https://github.com/bkleiner/hdzero-goggle-buildroot"
      },
      "original": {
        "shallow": true,
        "submodules": true,
        "type": "git",
        "url": "https://github.com/bkleiner/hdzero-goggle-buildroot"
      }
    },
    "hdzero-goggle-linux-src": {
      "flake": false,
      "locked": {
        "lastModified": 1743749533,
        "narHash": "sha256-/gd3PxzpRTfCHT/r3PSIDMDByFAI6JH6++tPs1IutYE=",
        "ref": "hdzero",
        "rev": "372211c4610666202046a9c1da7a82f5fd2566a8",
        "revCount": 644469,
        "shallow": false,
        "type": "git",
        "url": "https://github.com/DavHau/hdzero-goggle-linux"
      },
      "original": {
        "ref": "hdzero",
        "shallow": false,
        "type": "git",
        "url": "https://github.com/DavHau/hdzero-goggle-linux"
      }
    },
    "nix-filter": {
      "locked": {
        "lastModified": 1731533336,
        "narHash": "sha256-oRam5PS1vcrr5UPgALW0eo1m/5/pls27Z/pabHNy2Ms=",
        "owner": "numtide",
        "repo": "nix-filter",
        "rev": "f7653272fd234696ae94229839a99b73c9ab7de0",
        "type": "github"
      },
      "original": {
        "owner": "numtide",
        "repo": "nix-filter",
        "type": "github"
      }
    },
    "nixpkgs": {
      "locked": {
        "lastModified": 1743870327,
        "narHash": "sha256-S4A0kmaVNXadL5AkyEJKyrw+MImC7GZtg91fIA8H/o8=",
        "ref": "dave",
        "rev": "2e7e181351a2dc9ba6e51baf4d00cd4cfb548321",
        "shallow": true,
        "type": "git",
        "url": "https://github.com/DavHau/nixpkgs"
      },
      "original": {
        "ref": "dave",
        "shallow": true,
        "type": "git",
        "url": "https://github.com/DavHau/nixpkgs"
      }
    },
    "nixpkgs_22_05": {
      "locked": {
        "lastModified": 1685573264,
        "narHash": "sha256-Zffu01pONhs/pqH07cjlF10NnMDLok8ix5Uk4rhOnZQ=",
        "owner": "nixos",
        "repo": "nixpkgs",
        "rev": "380be19fbd2d9079f677978361792cb25e8a3635",
        "type": "github"
      },
      "original": {
        "owner": "nixos",
        "ref": "nixos-22.05",
        "repo": "nixpkgs",
        "type": "github"
      }
    },
    "root": {
      "inputs": {
        "hdzero-goggle-buildroot": "hdzero-goggle-buildroot",
        "hdzero-goggle-linux-src": "hdzero-goggle-linux-src",
        "nix-filter": "nix-filter",
        "nixpkgs": "nixpkgs",
        "nixpkgs_22_05": "nixpkgs_22_05"
      }
    }
  },
  "root": "root",
  "version": 7
}
